
Microsoft Visual Studio Solution File, Format Version 12.00
# Visual Studio Version 17
VisualStudioVersion = 17.12.35527.113 d17.12
MinimumVisualStudioVersion = 10.0.40219.1
Project("{FAE04EC0-301F-11D3-BF4B-00C04F79EFBC}") = "Bidding", "Bidding\Bidding.csproj", "{8A21484A-4D71-4880-8C5B-C6254C18F0D7}"
EndProject
Project("{2150E333-8FDC-42A3-9474-1A3956D46DE8}") = "Bidding", "Bidding", "{24E1B620-5C8C-4CC5-9F1B-C65CB7BC521F}"
EndProject
Project("{2150E333-8FDC-42A3-9474-1A3956D46DE8}") = "src", "src", "{1B47BF83-803C-46A2-B3B4-618F941F5FCD}"
EndProject
Project("{FAE04EC0-301F-11D3-BF4B-00C04F79EFBC}") = "Bidding.Domain", "Bidding\src\Bidding.Domain\Bidding.Domain.csproj", "{76A6ED1C-87A2-4F75-926D-6661801DB308}"
EndProject
Project("{FAE04EC0-301F-11D3-BF4B-00C04F79EFBC}") = "Bidding.Web", "Bidding\src\Bidding.Web\Bidding.Web.csproj", "{95906AF1-293F-4F08-9669-42032BAA1099}"
EndProject
Project("{FAE04EC0-301F-11D3-BF4B-00C04F79EFBC}") = "Bidding.Persistence.EfCore", "Bidding\src\Bidding.Persistence.EfCore\Bidding.Persistence.EfCore.csproj", "{280D8A66-0B6A-4CAF-A133-340E6173A1F8}"
EndProject
Global
	GlobalSection(SolutionConfigurationPlatforms) = preSolution
		Debug|Any CPU = Debug|Any CPU
		Release|Any CPU = Release|Any CPU
	EndGlobalSection
	GlobalSection(ProjectConfigurationPlatforms) = postSolution
		{8A21484A-4D71-4880-8C5B-C6254C18F0D7}.Debug|Any CPU.ActiveCfg = Debug|Any CPU
		{8A21484A-4D71-4880-8C5B-C6254C18F0D7}.Debug|Any CPU.Build.0 = Debug|Any CPU
		{8A21484A-4D71-4880-8C5B-C6254C18F0D7}.Release|Any CPU.ActiveCfg = Release|Any CPU
		{8A21484A-4D71-4880-8C5B-C6254C18F0D7}.Release|Any CPU.Build.0 = Release|Any CPU
		{76A6ED1C-87A2-4F75-926D-6661801DB308}.Debug|Any CPU.ActiveCfg = Debug|Any CPU
		{76A6ED1C-87A2-4F75-926D-6661801DB308}.Debug|Any CPU.Build.0 = Debug|Any CPU
		{76A6ED1C-87A2-4F75-926D-6661801DB308}.Release|Any CPU.ActiveCfg = Release|Any CPU
		{76A6ED1C-87A2-4F75-926D-6661801DB308}.Release|Any CPU.Build.0 = Release|Any CPU
		{95906AF1-293F-4F08-9669-42032BAA1099}.Debug|Any CPU.ActiveCfg = Debug|Any CPU
		{95906AF1-293F-4F08-9669-42032BAA1099}.Debug|Any CPU.Build.0 = Debug|Any CPU
		{95906AF1-293F-4F08-9669-42032BAA1099}.Release|Any CPU.ActiveCfg = Release|Any CPU
		{95906AF1-293F-4F08-9669-42032BAA1099}.Release|Any CPU.Build.0 = Release|Any CPU
		{280D8A66-0B6A-4CAF-A133-340E6173A1F8}.Debug|Any CPU.ActiveCfg = Debug|Any CPU
		{280D8A66-0B6A-4CAF-A133-340E6173A1F8}.Debug|Any CPU.Build.0 = Debug|Any CPU
		{280D8A66-0B6A-4CAF-A133-340E6173A1F8}.Release|Any CPU.ActiveCfg = Release|Any CPU
		{280D8A66-0B6A-4CAF-A133-340E6173A1F8}.Release|Any CPU.Build.0 = Release|Any CPU
	EndGlobalSection
	GlobalSection(SolutionProperties) = preSolution
		HideSolutionNode = FALSE
	EndGlobalSection
	GlobalSection(NestedProjects) = preSolution
		{8A21484A-4D71-4880-8C5B-C6254C18F0D7} = {24E1B620-5C8C-4CC5-9F1B-C65CB7BC521F}
		{1B47BF83-803C-46A2-B3B4-618F941F5FCD} = {24E1B620-5C8C-4CC5-9F1B-C65CB7BC521F}
		{76A6ED1C-87A2-4F75-926D-6661801DB308} = {1B47BF83-803C-46A2-B3B4-618F941F5FCD}
		{95906AF1-293F-4F08-9669-42032BAA1099} = {1B47BF83-803C-46A2-B3B4-618F941F5FCD}
		{280D8A66-0B6A-4CAF-A133-340E6173A1F8} = {1B47BF83-803C-46A2-B3B4-618F941F5FCD}
	EndGlobalSection
EndGlobal
