
Microsoft Visual Studio Solution File, Format Version 12.00
# Visual Studio Version 17
VisualStudioVersion = 17.0.31903.59
MinimumVisualStudioVersion = 10.0.40219.1
EndProject
Project("{FAE04EC0-301F-11D3-BF4B-00C04F79EFBC}") = "Bidding.WebApp", "Bidding\Bidding.WebApp\Bidding.WebApp.csproj", "{8913D4E0-5978-4641-A402-022D9A863DF6}"
EndProject
Project("{FAE04EC0-301F-11D3-BF4B-00C04F79EFBC}") = "Bidding.API", "Bidding\Bidding.API\Bidding.API.csproj", "{36926FC5-9C73-49B2-9602-C4B529C1D795}"
EndProject
Global
	GlobalSection(SolutionConfigurationPlatforms) = preSolution
		Debug|Any CPU = Debug|Any CPU
		Release|Any CPU = Release|Any CPU
	EndGlobalSection
	GlobalSection(SolutionProperties) = preSolution
		HideSolutionNode = FALSE
	EndGlobalSection
	GlobalSection(ProjectConfigurationPlatforms) = postSolution
		{D854455E-BF71-4A1E-A1E5-1A11577AA662}.Debug|Any CPU.ActiveCfg = Debug|Any CPU
		{D854455E-BF71-4A1E-A1E5-1A11577AA662}.Debug|Any CPU.Build.0 = Debug|Any CPU
		{D854455E-BF71-4A1E-A1E5-1A11577AA662}.Release|Any CPU.ActiveCfg = Release|Any CPU
		{D854455E-BF71-4A1E-A1E5-1A11577AA662}.Release|Any CPU.Build.0 = Release|Any CPU
		{8913D4E0-5978-4641-A402-022D9A863DF6}.Debug|Any CPU.ActiveCfg = Debug|Any CPU
		{8913D4E0-5978-4641-A402-022D9A863DF6}.Debug|Any CPU.Build.0 = Debug|Any CPU
		{8913D4E0-5978-4641-A402-022D9A863DF6}.Release|Any CPU.ActiveCfg = Release|Any CPU
		{8913D4E0-5978-4641-A402-022D9A863DF6}.Release|Any CPU.Build.0 = Release|Any CPU
		{36926FC5-9C73-49B2-9602-C4B529C1D795}.Debug|Any CPU.ActiveCfg = Debug|Any CPU
		{36926FC5-9C73-49B2-9602-C4B529C1D795}.Debug|Any CPU.Build.0 = Debug|Any CPU
		{36926FC5-9C73-49B2-9602-C4B529C1D795}.Release|Any CPU.ActiveCfg = Release|Any CPU
		{36926FC5-9C73-49B2-9602-C4B529C1D795}.Release|Any CPU.Build.0 = Release|Any CPU
	EndGlobalSection
	GlobalSection(NestedProjects) = preSolution
		{D854455E-BF71-4A1E-A1E5-1A11577AA662} = {6B7EA8B6-57A1-46E7-9CF7-4573FFAB32F8}
		{C686D2D7-B3FA-4897-BE4C-EA875B971AE7} = {6B7EA8B6-57A1-46E7-9CF7-4573FFAB32F8}
		{8913D4E0-5978-4641-A402-022D9A863DF6} = {C686D2D7-B3FA-4897-BE4C-EA875B971AE7}
		{36926FC5-9C73-49B2-9602-C4B529C1D795} = {C686D2D7-B3FA-4897-BE4C-EA875B971AE7}
	EndGlobalSection
EndGlobal
